
Microsoft Visual Studio Solution File, Format Version 12.00
# Visual Studio Version 16
VisualStudioVersion = 16.0.30503.244
MinimumVisualStudioVersion = 10.0.40219.1
Project("{FAE04EC0-301F-11D3-BF4B-00C04F79EFBC}") = "TransactionsManager", "TransactionsManager\TransactionsManager.csproj", "{773693FB-2696-4685-80EF-FB68054F16DC}"
EndProject
Global
	GlobalSection(SolutionConfigurationPlatforms) = preSolution
		Debug|Any CPU = Debug|Any CPU
		Release|Any CPU = Release|Any CPU
	EndGlobalSection
	GlobalSection(ProjectConfigurationPlatforms) = postSolution
		{773693FB-2696-4685-80EF-FB68054F16DC}.Debug|Any CPU.ActiveCfg = Debug|Any CPU
		{773693FB-2696-4685-80EF-FB68054F16DC}.Debug|Any CPU.Build.0 = Debug|Any CPU
		{773693FB-2696-4685-80EF-FB68054F16DC}.Release|Any CPU.ActiveCfg = Release|Any CPU
		{773693FB-2696-4685-80EF-FB68054F16DC}.Release|Any CPU.Build.0 = Release|Any CPU
	EndGlobalSection
	GlobalSection(SolutionProperties) = preSolution
		HideSolutionNode = FALSE
	EndGlobalSection
	GlobalSection(ExtensibilityGlobals) = postSolution
		SolutionGuid = {E6A33911-AFE5-4AD1-A778-047DDFD123A4}
	EndGlobalSection
EndGlobal
